
Microsoft Visual Studio Solution File, Format Version 12.00
# Visual Studio Version 16
VisualStudioVersion = 16.0.30621.155
MinimumVisualStudioVersion = 10.0.40219.1
Project("{FAE04EC0-301F-11D3-BF4B-00C04F79EFBC}") = "AlquilerDeBicicletas", "AlquilerDeBicicletas\AlquilerDeBicicletas.csproj", "{119FD1A6-4892-449E-A364-2187F5DED8BF}"
EndProject
Global
	GlobalSection(SolutionConfigurationPlatforms) = preSolution
		Debug|Any CPU = Debug|Any CPU
		Release|Any CPU = Release|Any CPU
	EndGlobalSection
	GlobalSection(ProjectConfigurationPlatforms) = postSolution
		{119FD1A6-4892-449E-A364-2187F5DED8BF}.Debug|Any CPU.ActiveCfg = Debug|Any CPU
		{119FD1A6-4892-449E-A364-2187F5DED8BF}.Debug|Any CPU.Build.0 = Debug|Any CPU
		{119FD1A6-4892-449E-A364-2187F5DED8BF}.Release|Any CPU.ActiveCfg = Release|Any CPU
		{119FD1A6-4892-449E-A364-2187F5DED8BF}.Release|Any CPU.Build.0 = Release|Any CPU
	EndGlobalSection
	GlobalSection(SolutionProperties) = preSolution
		HideSolutionNode = FALSE
	EndGlobalSection
	GlobalSection(ExtensibilityGlobals) = postSolution
		SolutionGuid = {B76B13F8-32E0-48D3-B1CA-E8B81401DFFD}
	EndGlobalSection
EndGlobal
